// !$*UTF8*$!
{
	archiveVersion = 1;
	classes = {
	};
	objectVersion = 50;
	objects = {

/* Begin PBXBuildFile section */
		5E70CE17245FC9E400BC358A /* FollowerCellCollectionViewCell.swift in Sources */ = {isa = PBXBuildFile; fileRef = 5E70CE16245FC9E400BC358A /* FollowerCellCollectionViewCell.swift */; };
		5E721E312441DF33009E1A62 /* GFButton.swift in Sources */ = {isa = PBXBuildFile; fileRef = 5E721E302441DF33009E1A62 /* GFButton.swift */; };
		5E721E332443AA64009E1A62 /* GFTextField.swift in Sources */ = {isa = PBXBuildFile; fileRef = 5E721E322443AA64009E1A62 /* GFTextField.swift */; };
		5EB42ABD246923900027C675 /* GFAvatarImageView.swift in Sources */ = {isa = PBXBuildFile; fileRef = 5EB42ABC246923900027C675 /* GFAvatarImageView.swift */; };
		5EC949DC243046E5006FF4E1 /* AppDelegate.swift in Sources */ = {isa = PBXBuildFile; fileRef = 5EC949DB243046E5006FF4E1 /* AppDelegate.swift */; };
		5EC949DE243046E5006FF4E1 /* SceneDelegate.swift in Sources */ = {isa = PBXBuildFile; fileRef = 5EC949DD243046E5006FF4E1 /* SceneDelegate.swift */; };
		5EC949E5243046EA006FF4E1 /* Assets.xcassets in Resources */ = {isa = PBXBuildFile; fileRef = 5EC949E4243046EA006FF4E1 /* Assets.xcassets */; };
		5EC949E8243046EA006FF4E1 /* LaunchScreen.storyboard in Resources */ = {isa = PBXBuildFile; fileRef = 5EC949E6243046EA006FF4E1 /* LaunchScreen.storyboard */; };
		5EC949F0243051E1006FF4E1 /* SearchViewController.swift in Sources */ = {isa = PBXBuildFile; fileRef = 5EC949EF243051E1006FF4E1 /* SearchViewController.swift */; };
		5EC949F224305218006FF4E1 /* FavoriteListViewController.swift in Sources */ = {isa = PBXBuildFile; fileRef = 5EC949F124305218006FF4E1 /* FavoriteListViewController.swift */; };
		5ECE4DB924456D6300296089 /* FollowersListViewController.swift in Sources */ = {isa = PBXBuildFile; fileRef = 5ECE4DB824456D6300296089 /* FollowersListViewController.swift */; };
		5ECE4DBD24480B8D00296089 /* GFTitleLabel.swift in Sources */ = {isa = PBXBuildFile; fileRef = 5ECE4DBC24480B8D00296089 /* GFTitleLabel.swift */; };
		5ECE4DBF24480DF100296089 /* GFBodyLabel.swift in Sources */ = {isa = PBXBuildFile; fileRef = 5ECE4DBE24480DF100296089 /* GFBodyLabel.swift */; };
		5ECE4DC1244810FD00296089 /* GFAlertViewController.swift in Sources */ = {isa = PBXBuildFile; fileRef = 5ECE4DC0244810FD00296089 /* GFAlertViewController.swift */; };
		5ECE4DC3244819B100296089 /* UIViewController+Extention.swift in Sources */ = {isa = PBXBuildFile; fileRef = 5ECE4DC2244819B100296089 /* UIViewController+Extention.swift */; };
		5ED0E3AF244D83CF00BE12EC /* Follower.swift in Sources */ = {isa = PBXBuildFile; fileRef = 5ED0E3AE244D83CF00BE12EC /* Follower.swift */; };
		5ED0E3B1244D848300BE12EC /* User.swift in Sources */ = {isa = PBXBuildFile; fileRef = 5ED0E3B0244D848300BE12EC /* User.swift */; };
		5ED0E3B4244EA85600BE12EC /* NetworkManager.swift in Sources */ = {isa = PBXBuildFile; fileRef = 5ED0E3B3244EA85600BE12EC /* NetworkManager.swift */; };
		5ED0E3B724502B8000BE12EC /* ErrorMessage.swift in Sources */ = {isa = PBXBuildFile; fileRef = 5ED0E3B624502B8000BE12EC /* ErrorMessage.swift */; };
/* End PBXBuildFile section */

/* Begin PBXFileReference section */
		5E70CE16245FC9E400BC358A /* FollowerCellCollectionViewCell.swift */ = {isa = PBXFileReference; lastKnownFileType = sourcecode.swift; path = FollowerCellCollectionViewCell.swift; sourceTree = "<group>"; };
		5E721E302441DF33009E1A62 /* GFButton.swift */ = {isa = PBXFileReference; lastKnownFileType = sourcecode.swift; path = GFButton.swift; sourceTree = "<group>"; };
		5E721E322443AA64009E1A62 /* GFTextField.swift */ = {isa = PBXFileReference; lastKnownFileType = sourcecode.swift; path = GFTextField.swift; sourceTree = "<group>"; };
		5EB42ABC246923900027C675 /* GFAvatarImageView.swift */ = {isa = PBXFileReference; lastKnownFileType = sourcecode.swift; path = GFAvatarImageView.swift; sourceTree = "<group>"; };
		5EC949D8243046E5006FF4E1 /* githubexplorer.app */ = {isa = PBXFileReference; explicitFileType = wrapper.application; includeInIndex = 0; path = githubexplorer.app; sourceTree = BUILT_PRODUCTS_DIR; };
		5EC949DB243046E5006FF4E1 /* AppDelegate.swift */ = {isa = PBXFileReference; lastKnownFileType = sourcecode.swift; path = AppDelegate.swift; sourceTree = "<group>"; };
		5EC949DD243046E5006FF4E1 /* SceneDelegate.swift */ = {isa = PBXFileReference; lastKnownFileType = sourcecode.swift; path = SceneDelegate.swift; sourceTree = "<group>"; };
		5EC949E4243046EA006FF4E1 /* Assets.xcassets */ = {isa = PBXFileReference; lastKnownFileType = folder.assetcatalog; path = Assets.xcassets; sourceTree = "<group>"; };
		5EC949E7243046EA006FF4E1 /* Base */ = {isa = PBXFileReference; lastKnownFileType = file.storyboard; name = Base; path = Base.lproj/LaunchScreen.storyboard; sourceTree = "<group>"; };
		5EC949E9243046EA006FF4E1 /* Info.plist */ = {isa = PBXFileReference; lastKnownFileType = text.plist.xml; path = Info.plist; sourceTree = "<group>"; };
		5EC949EF243051E1006FF4E1 /* SearchViewController.swift */ = {isa = PBXFileReference; lastKnownFileType = sourcecode.swift; path = SearchViewController.swift; sourceTree = "<group>"; };
		5EC949F124305218006FF4E1 /* FavoriteListViewController.swift */ = {isa = PBXFileReference; lastKnownFileType = sourcecode.swift; path = FavoriteListViewController.swift; sourceTree = "<group>"; };
		5ECE4DB824456D6300296089 /* FollowersListViewController.swift */ = {isa = PBXFileReference; lastKnownFileType = sourcecode.swift; path = FollowersListViewController.swift; sourceTree = "<group>"; };
		5ECE4DBC24480B8D00296089 /* GFTitleLabel.swift */ = {isa = PBXFileReference; lastKnownFileType = sourcecode.swift; path = GFTitleLabel.swift; sourceTree = "<group>"; };
		5ECE4DBE24480DF100296089 /* GFBodyLabel.swift */ = {isa = PBXFileReference; lastKnownFileType = sourcecode.swift; path = GFBodyLabel.swift; sourceTree = "<group>"; };
		5ECE4DC0244810FD00296089 /* GFAlertViewController.swift */ = {isa = PBXFileReference; lastKnownFileType = sourcecode.swift; path = GFAlertViewController.swift; sourceTree = "<group>"; };
		5ECE4DC2244819B100296089 /* UIViewController+Extention.swift */ = {isa = PBXFileReference; lastKnownFileType = sourcecode.swift; path = "UIViewController+Extention.swift"; sourceTree = "<group>"; };
		5ED0E3AE244D83CF00BE12EC /* Follower.swift */ = {isa = PBXFileReference; lastKnownFileType = sourcecode.swift; path = Follower.swift; sourceTree = "<group>"; };
		5ED0E3B0244D848300BE12EC /* User.swift */ = {isa = PBXFileReference; lastKnownFileType = sourcecode.swift; path = User.swift; sourceTree = "<group>"; };
		5ED0E3B3244EA85600BE12EC /* NetworkManager.swift */ = {isa = PBXFileReference; lastKnownFileType = sourcecode.swift; path = NetworkManager.swift; sourceTree = "<group>"; };
		5ED0E3B624502B8000BE12EC /* ErrorMessage.swift */ = {isa = PBXFileReference; lastKnownFileType = sourcecode.swift; path = ErrorMessage.swift; sourceTree = "<group>"; };
/* End PBXFileReference section */

/* Begin PBXFrameworksBuildPhase section */
		5EC949D5243046E5006FF4E1 /* Frameworks */ = {
			isa = PBXFrameworksBuildPhase;
			buildActionMask = 2147483647;
			files = (
			);
			runOnlyForDeploymentPostprocessing = 0;
		};
/* End PBXFrameworksBuildPhase section */

/* Begin PBXGroup section */
		5E70CE15245FC9BC00BC358A /* Cell */ = {
			isa = PBXGroup;
			children = (
				5E70CE16245FC9E400BC358A /* FollowerCellCollectionViewCell.swift */,
			);
			path = Cell;
			sourceTree = "<group>";
		};
		5EC949CF243046E5006FF4E1 = {
			isa = PBXGroup;
			children = (
				5EC949DA243046E5006FF4E1 /* githubexplorer */,
				5EC949D9243046E5006FF4E1 /* Products */,
			);
			sourceTree = "<group>";
		};
		5EC949D9243046E5006FF4E1 /* Products */ = {
			isa = PBXGroup;
			children = (
				5EC949D8243046E5006FF4E1 /* githubexplorer.app */,
			);
			name = Products;
			sourceTree = "<group>";
		};
		5EC949DA243046E5006FF4E1 /* githubexplorer */ = {
			isa = PBXGroup;
			children = (
				5ED0E3B524502B6900BE12EC /* Utilities */,
				5ED0E3B2244EA82D00BE12EC /* Manager */,
				5ED0E3AD244D83B900BE12EC /* Model */,
				5ED0E3AC244D3B6B00BE12EC /* Extensions */,
				5ED0E3AB244D3B3900BE12EC /* Custom Views */,
				5ED0E3AA244D3B0800BE12EC /* Screens */,
				5EC949DB243046E5006FF4E1 /* AppDelegate.swift */,
				5EC949DD243046E5006FF4E1 /* SceneDelegate.swift */,
				5EC949E4243046EA006FF4E1 /* Assets.xcassets */,
				5EC949E6243046EA006FF4E1 /* LaunchScreen.storyboard */,
				5EC949E9243046EA006FF4E1 /* Info.plist */,
			);
			path = githubexplorer;
			sourceTree = "<group>";
		};
		5ED0E3AA244D3B0800BE12EC /* Screens */ = {
			isa = PBXGroup;
			children = (
				5EC949EF243051E1006FF4E1 /* SearchViewController.swift */,
				5EC949F124305218006FF4E1 /* FavoriteListViewController.swift */,
				5ECE4DB824456D6300296089 /* FollowersListViewController.swift */,
			);
			path = Screens;
			sourceTree = "<group>";
		};
		5ED0E3AB244D3B3900BE12EC /* Custom Views */ = {
			isa = PBXGroup;
			children = (
				5E70CE15245FC9BC00BC358A /* Cell */,
				5E721E302441DF33009E1A62 /* GFButton.swift */,
				5E721E322443AA64009E1A62 /* GFTextField.swift */,
				5ECE4DBC24480B8D00296089 /* GFTitleLabel.swift */,
				5ECE4DBE24480DF100296089 /* GFBodyLabel.swift */,
				5ECE4DC0244810FD00296089 /* GFAlertViewController.swift */,
				5EB42ABC246923900027C675 /* GFAvatarImageView.swift */,
			);
			path = "Custom Views";
			sourceTree = "<group>";
		};
		5ED0E3AC244D3B6B00BE12EC /* Extensions */ = {
			isa = PBXGroup;
			children = (
				5ECE4DC2244819B100296089 /* UIViewController+Extention.swift */,
			);
			path = Extensions;
			sourceTree = "<group>";
		};
		5ED0E3AD244D83B900BE12EC /* Model */ = {
			isa = PBXGroup;
			children = (
				5ED0E3AE244D83CF00BE12EC /* Follower.swift */,
				5ED0E3B0244D848300BE12EC /* User.swift */,
			);
			path = Model;
			sourceTree = "<group>";
		};
		5ED0E3B2244EA82D00BE12EC /* Manager */ = {
			isa = PBXGroup;
			children = (
				5ED0E3B3244EA85600BE12EC /* NetworkManager.swift */,
			);
			path = Manager;
			sourceTree = "<group>";
		};
		5ED0E3B524502B6900BE12EC /* Utilities */ = {
			isa = PBXGroup;
			children = (
				5ED0E3B624502B8000BE12EC /* ErrorMessage.swift */,
			);
			path = Utilities;
			sourceTree = "<group>";
		};
/* End PBXGroup section */

/* Begin PBXNativeTarget section */
		5EC949D7243046E5006FF4E1 /* githubexplorer */ = {
			isa = PBXNativeTarget;
			buildConfigurationList = 5EC949EC243046EA006FF4E1 /* Build configuration list for PBXNativeTarget "githubexplorer" */;
			buildPhases = (
				5EC949D4243046E5006FF4E1 /* Sources */,
				5EC949D5243046E5006FF4E1 /* Frameworks */,
				5EC949D6243046E5006FF4E1 /* Resources */,
			);
			buildRules = (
			);
			dependencies = (
			);
			name = githubexplorer;
			productName = githubexplorer;
			productReference = 5EC949D8243046E5006FF4E1 /* githubexplorer.app */;
			productType = "com.apple.product-type.application";
		};
/* End PBXNativeTarget section */

/* Begin PBXProject section */
		5EC949D0243046E5006FF4E1 /* Project object */ = {
			isa = PBXProject;
			attributes = {
				LastSwiftUpdateCheck = 1130;
				LastUpgradeCheck = 1130;
				ORGANIZATIONNAME = "Amit Biswas";
				TargetAttributes = {
					5EC949D7243046E5006FF4E1 = {
						CreatedOnToolsVersion = 11.3.1;
					};
				};
			};
			buildConfigurationList = 5EC949D3243046E5006FF4E1 /* Build configuration list for PBXProject "githubexplorer" */;
			compatibilityVersion = "Xcode 9.3";
			developmentRegion = en;
			hasScannedForEncodings = 0;
			knownRegions = (
				en,
				Base,
			);
			mainGroup = 5EC949CF243046E5006FF4E1;
			productRefGroup = 5EC949D9243046E5006FF4E1 /* Products */;
			projectDirPath = "";
			projectRoot = "";
			targets = (
				5EC949D7243046E5006FF4E1 /* githubexplorer */,
			);
		};
/* End PBXProject section */

/* Begin PBXResourcesBuildPhase section */
		5EC949D6243046E5006FF4E1 /* Resources */ = {
			isa = PBXResourcesBuildPhase;
			buildActionMask = 2147483647;
			files = (
				5EC949E8243046EA006FF4E1 /* LaunchScreen.storyboard in Resources */,
				5EC949E5243046EA006FF4E1 /* Assets.xcassets in Resources */,
			);
			runOnlyForDeploymentPostprocessing = 0;
		};
/* End PBXResourcesBuildPhase section */

/* Begin PBXSourcesBuildPhase section */
		5EC949D4243046E5006FF4E1 /* Sources */ = {
			isa = PBXSourcesBuildPhase;
			buildActionMask = 2147483647;
			files = (
				5E70CE17245FC9E400BC358A /* FollowerCellCollectionViewCell.swift in Sources */,
				5ED0E3B1244D848300BE12EC /* User.swift in Sources */,
				5ECE4DC1244810FD00296089 /* GFAlertViewController.swift in Sources */,
				5E721E332443AA64009E1A62 /* GFTextField.swift in Sources */,
				5EC949F224305218006FF4E1 /* FavoriteListViewController.swift in Sources */,
				5EB42ABD246923900027C675 /* GFAvatarImageView.swift in Sources */,
				5E721E312441DF33009E1A62 /* GFButton.swift in Sources */,
				5ECE4DB924456D6300296089 /* FollowersListViewController.swift in Sources */,
				5ECE4DBF24480DF100296089 /* GFBodyLabel.swift in Sources */,
				5ED0E3B724502B8000BE12EC /* ErrorMessage.swift in Sources */,
				5ECE4DBD24480B8D00296089 /* GFTitleLabel.swift in Sources */,
				5ED0E3AF244D83CF00BE12EC /* Follower.swift in Sources */,
				5EC949F0243051E1006FF4E1 /* SearchViewController.swift in Sources */,
				5ED0E3B4244EA85600BE12EC /* NetworkManager.swift in Sources */,
				5EC949DC243046E5006FF4E1 /* AppDelegate.swift in Sources */,
				5ECE4DC3244819B100296089 /* UIViewController+Extention.swift in Sources */,
				5EC949DE243046E5006FF4E1 /* SceneDelegate.swift in Sources */,
			);
			runOnlyForDeploymentPostprocessing = 0;
		};
/* End PBXSourcesBuildPhase section */

/* Begin PBXVariantGroup section */
		5EC949E6243046EA006FF4E1 /* LaunchScreen.storyboard */ = {
			isa = PBXVariantGroup;
			children = (
				5EC949E7243046EA006FF4E1 /* Base */,
			);
			name = LaunchScreen.storyboard;
			sourceTree = "<group>";
		};
/* End PBXVariantGroup section */

/* Begin XCBuildConfiguration section */
		5EC949EA243046EA006FF4E1 /* Debug */ = {
			isa = XCBuildConfiguration;
			buildSettings = {
				ALWAYS_SEARCH_USER_PATHS = NO;
				CLANG_ANALYZER_NONNULL = YES;
				CLANG_ANALYZER_NUMBER_OBJECT_CONVERSION = YES_AGGRESSIVE;
				CLANG_CXX_LANGUAGE_STANDARD = "gnu++14";
				CLANG_CXX_LIBRARY = "libc++";
				CLANG_ENABLE_MODULES = YES;
				CLANG_ENABLE_OBJC_ARC = YES;
				CLANG_ENABLE_OBJC_WEAK = YES;
				CLANG_WARN_BLOCK_CAPTURE_AUTORELEASING = YES;
				CLANG_WARN_BOOL_CONVERSION = YES;
				CLANG_WARN_COMMA = YES;
				CLANG_WARN_CONSTANT_CONVERSION = YES;
				CLANG_WARN_DEPRECATED_OBJC_IMPLEMENTATIONS = YES;
				CLANG_WARN_DIRECT_OBJC_ISA_USAGE = YES_ERROR;
				CLANG_WARN_DOCUMENTATION_COMMENTS = YES;
				CLANG_WARN_EMPTY_BODY = YES;
				CLANG_WARN_ENUM_CONVERSION = YES;
				CLANG_WARN_INFINITE_RECURSION = YES;
				CLANG_WARN_INT_CONVERSION = YES;
				CLANG_WARN_NON_LITERAL_NULL_CONVERSION = YES;
				CLANG_WARN_OBJC_IMPLICIT_RETAIN_SELF = YES;
				CLANG_WARN_OBJC_LITERAL_CONVERSION = YES;
				CLANG_WARN_OBJC_ROOT_CLASS = YES_ERROR;
				CLANG_WARN_RANGE_LOOP_ANALYSIS = YES;
				CLANG_WARN_STRICT_PROTOTYPES = YES;
				CLANG_WARN_SUSPICIOUS_MOVE = YES;
				CLANG_WARN_UNGUARDED_AVAILABILITY = YES_AGGRESSIVE;
				CLANG_WARN_UNREACHABLE_CODE = YES;
				CLANG_WARN__DUPLICATE_METHOD_MATCH = YES;
				COPY_PHASE_STRIP = NO;
				DEBUG_INFORMATION_FORMAT = dwarf;
				ENABLE_STRICT_OBJC_MSGSEND = YES;
				ENABLE_TESTABILITY = YES;
				GCC_C_LANGUAGE_STANDARD = gnu11;
				GCC_DYNAMIC_NO_PIC = NO;
				GCC_NO_COMMON_BLOCKS = YES;
				GCC_OPTIMIZATION_LEVEL = 0;
				GCC_PREPROCESSOR_DEFINITIONS = (
					"DEBUG=1",
					"$(inherited)",
				);
				GCC_WARN_64_TO_32_BIT_CONVERSION = YES;
				GCC_WARN_ABOUT_RETURN_TYPE = YES_ERROR;
				GCC_WARN_UNDECLARED_SELECTOR = YES;
				GCC_WARN_UNINITIALIZED_AUTOS = YES_AGGRESSIVE;
				GCC_WARN_UNUSED_FUNCTION = YES;
				GCC_WARN_UNUSED_VARIABLE = YES;
				IPHONEOS_DEPLOYMENT_TARGET = 13.2;
				MTL_ENABLE_DEBUG_INFO = INCLUDE_SOURCE;
				MTL_FAST_MATH = YES;
				ONLY_ACTIVE_ARCH = YES;
				SDKROOT = iphoneos;
				SWIFT_ACTIVE_COMPILATION_CONDITIONS = DEBUG;
				SWIFT_OPTIMIZATION_LEVEL = "-Onone";
			};
			name = Debug;
		};
		5EC949EB243046EA006FF4E1 /* Release */ = {
			isa = XCBuildConfiguration;
			buildSettings = {
				ALWAYS_SEARCH_USER_PATHS = NO;
				CLANG_ANALYZER_NONNULL = YES;
				CLANG_ANALYZER_NUMBER_OBJECT_CONVERSION = YES_AGGRESSIVE;
				CLANG_CXX_LANGUAGE_STANDARD = "gnu++14";
				CLANG_CXX_LIBRARY = "libc++";
				CLANG_ENABLE_MODULES = YES;
				CLANG_ENABLE_OBJC_ARC = YES;
				CLANG_ENABLE_OBJC_WEAK = YES;
				CLANG_WARN_BLOCK_CAPTURE_AUTORELEASING = YES;
				CLANG_WARN_BOOL_CONVERSION = YES;
				CLANG_WARN_COMMA = YES;
				CLANG_WARN_CONSTANT_CONVERSION = YES;
				CLANG_WARN_DEPRECATED_OBJC_IMPLEMENTATIONS = YES;
				CLANG_WARN_DIRECT_OBJC_ISA_USAGE = YES_ERROR;
				CLANG_WARN_DOCUMENTATION_COMMENTS = YES;
				CLANG_WARN_EMPTY_BODY = YES;
				CLANG_WARN_ENUM_CONVERSION = YES;
				CLANG_WARN_INFINITE_RECURSION = YES;
				CLANG_WARN_INT_CONVERSION = YES;
				CLANG_WARN_NON_LITERAL_NULL_CONVERSION = YES;
				CLANG_WARN_OBJC_IMPLICIT_RETAIN_SELF = YES;
				CLANG_WARN_OBJC_LITERAL_CONVERSION = YES;
				CLANG_WARN_OBJC_ROOT_CLASS = YES_ERROR;
				CLANG_WARN_RANGE_LOOP_ANALYSIS = YES;
				CLANG_WARN_STRICT_PROTOTYPES = YES;
				CLANG_WARN_SUSPICIOUS_MOVE = YES;
				CLANG_WARN_UNGUARDED_AVAILABILITY = YES_AGGRESSIVE;
				CLANG_WARN_UNREACHABLE_CODE = YES;
				CLANG_WARN__DUPLICATE_METHOD_MATCH = YES;
				COPY_PHASE_STRIP = NO;
				DEBUG_INFORMATION_FORMAT = "dwarf-with-dsym";
				ENABLE_NS_ASSERTIONS = NO;
				ENABLE_STRICT_OBJC_MSGSEND = YES;
				GCC_C_LANGUAGE_STANDARD = gnu11;
				GCC_NO_COMMON_BLOCKS = YES;
				GCC_WARN_64_TO_32_BIT_CONVERSION = YES;
				GCC_WARN_ABOUT_RETURN_TYPE = YES_ERROR;
				GCC_WARN_UNDECLARED_SELECTOR = YES;
				GCC_WARN_UNINITIALIZED_AUTOS = YES_AGGRESSIVE;
				GCC_WARN_UNUSED_FUNCTION = YES;
				GCC_WARN_UNUSED_VARIABLE = YES;
				IPHONEOS_DEPLOYMENT_TARGET = 13.2;
				MTL_ENABLE_DEBUG_INFO = NO;
				MTL_FAST_MATH = YES;
				SDKROOT = iphoneos;
				SWIFT_COMPILATION_MODE = wholemodule;
				SWIFT_OPTIMIZATION_LEVEL = "-O";
				VALIDATE_PRODUCT = YES;
			};
			name = Release;
		};
		5EC949ED243046EA006FF4E1 /* Debug */ = {
			isa = XCBuildConfiguration;
			buildSettings = {
				ASSETCATALOG_COMPILER_APPICON_NAME = AppIcon;
				CODE_SIGN_STYLE = Automatic;
				DEVELOPMENT_TEAM = 8CW2632N57;
				INFOPLIST_FILE = githubexplorer/Info.plist;
				LD_RUNPATH_SEARCH_PATHS = (
					"$(inherited)",
					"@executable_path/Frameworks",
				);
				PRODUCT_BUNDLE_IDENTIFIER = amitbiswas.githubexplorer;
				PRODUCT_NAME = "$(TARGET_NAME)";
				SWIFT_VERSION = 5.0;
				TARGETED_DEVICE_FAMILY = 1;
			};
			name = Debug;
		};
		5EC949EE243046EA006FF4E1 /* Release */ = {
			isa = XCBuildConfiguration;
			buildSettings = {
				ASSETCATALOG_COMPILER_APPICON_NAME = AppIcon;
				CODE_SIGN_STYLE = Automatic;
				DEVELOPMENT_TEAM = 8CW2632N57;
				INFOPLIST_FILE = githubexplorer/Info.plist;
				LD_RUNPATH_SEARCH_PATHS = (
					"$(inherited)",
					"@executable_path/Frameworks",
				);
				PRODUCT_BUNDLE_IDENTIFIER = amitbiswas.githubexplorer;
				PRODUCT_NAME = "$(TARGET_NAME)";
				SWIFT_VERSION = 5.0;
				TARGETED_DEVICE_FAMILY = 1;
			};
			name = Release;
		};
/* End XCBuildConfiguration section */

/* Begin XCConfigurationList section */
		5EC949D3243046E5006FF4E1 /* Build configuration list for PBXProject "githubexplorer" */ = {
			isa = XCConfigurationList;
			buildConfigurations = (
				5EC949EA243046EA006FF4E1 /* Debug */,
				5EC949EB243046EA006FF4E1 /* Release */,
			);
			defaultConfigurationIsVisible = 0;
			defaultConfigurationName = Release;
		};
		5EC949EC243046EA006FF4E1 /* Build configuration list for PBXNativeTarget "githubexplorer" */ = {
			isa = XCConfigurationList;
			buildConfigurations = (
				5EC949ED243046EA006FF4E1 /* Debug */,
				5EC949EE243046EA006FF4E1 /* Release */,
			);
			defaultConfigurationIsVisible = 0;
			defaultConfigurationName = Release;
		};
/* End XCConfigurationList section */
	};
	rootObject = 5EC949D0243046E5006FF4E1 /* Project object */;
}
